
Microsoft Visual Studio Solution File, Format Version 12.00
# Visual Studio Version 17
VisualStudioVersion = 17.11.35327.3
MinimumVisualStudioVersion = 10.0.40219.1
Project("{9A19103F-16F7-4668-BE54-9A1E7A4F7556}") = "Test", "Test\Test.csproj", "{A5389EE1-7A8F-48FD-8380-0B2A45D85F05}"
EndProject
Project("{9A19103F-16F7-4668-BE54-9A1E7A4F7556}") = "Gateway", "Gateway\Gateway.csproj", "{934BD3B1-A5F2-4E26-BCC8-8C63F859CC54}"
EndProject
Project("{2150E333-8FDC-42A3-9474-1A3956D46DE8}") = "Services", "Services", "{64B9BF03-47CB-4312-8639-CCB083145F3F}"
EndProject
Project("{FAE04EC0-301F-11D3-BF4B-00C04F79EFBC}") = "Auth", "Auth\Auth.csproj", "{A9E1703B-1229-4238-A460-7906E9F3F092}"
EndProject
Global
	GlobalSection(SolutionConfigurationPlatforms) = preSolution
		Debug|Any CPU = Debug|Any CPU
		Release|Any CPU = Release|Any CPU
	EndGlobalSection
	GlobalSection(ProjectConfigurationPlatforms) = postSolution
		{A5389EE1-7A8F-48FD-8380-0B2A45D85F05}.Debug|Any CPU.ActiveCfg = Debug|Any CPU
		{A5389EE1-7A8F-48FD-8380-0B2A45D85F05}.Debug|Any CPU.Build.0 = Debug|Any CPU
		{A5389EE1-7A8F-48FD-8380-0B2A45D85F05}.Release|Any CPU.ActiveCfg = Release|Any CPU
		{A5389EE1-7A8F-48FD-8380-0B2A45D85F05}.Release|Any CPU.Build.0 = Release|Any CPU
		{934BD3B1-A5F2-4E26-BCC8-8C63F859CC54}.Debug|Any CPU.ActiveCfg = Debug|Any CPU
		{934BD3B1-A5F2-4E26-BCC8-8C63F859CC54}.Debug|Any CPU.Build.0 = Debug|Any CPU
		{934BD3B1-A5F2-4E26-BCC8-8C63F859CC54}.Release|Any CPU.ActiveCfg = Release|Any CPU
		{934BD3B1-A5F2-4E26-BCC8-8C63F859CC54}.Release|Any CPU.Build.0 = Release|Any CPU
		{A9E1703B-1229-4238-A460-7906E9F3F092}.Debug|Any CPU.ActiveCfg = Debug|Any CPU
		{A9E1703B-1229-4238-A460-7906E9F3F092}.Debug|Any CPU.Build.0 = Debug|Any CPU
		{A9E1703B-1229-4238-A460-7906E9F3F092}.Release|Any CPU.ActiveCfg = Release|Any CPU
		{A9E1703B-1229-4238-A460-7906E9F3F092}.Release|Any CPU.Build.0 = Release|Any CPU
	EndGlobalSection
	GlobalSection(SolutionProperties) = preSolution
		HideSolutionNode = FALSE
	EndGlobalSection
	GlobalSection(NestedProjects) = preSolution
		{A9E1703B-1229-4238-A460-7906E9F3F092} = {64B9BF03-47CB-4312-8639-CCB083145F3F}
	EndGlobalSection
	GlobalSection(ExtensibilityGlobals) = postSolution
		SolutionGuid = {BB1A1CD2-EBD8-4155-B1B2-E1120A312150}
	EndGlobalSection
EndGlobal
