Microsoft Visual Studio Solution File, Format Version 12.00
# Visual Studio Version 17
VisualStudioVersion = 17.5.2.0
MinimumVisualStudioVersion = 10.0.40219.1
Project("{FAE04EC0-301F-11D3-BF4B-00C04F79EFBC}") = "Auth-Rol.ASP.NET", "Auth-Rol.ASP.NET.csproj", "{57AF6D0A-CFD8-8661-6BA9-05ED7332DCA7}"
EndProject
Global
	GlobalSection(SolutionConfigurationPlatforms) = preSolution
		Debug|Any CPU = Debug|Any CPU
		Release|Any CPU = Release|Any CPU
	EndGlobalSection
	GlobalSection(ProjectConfigurationPlatforms) = postSolution
		{57AF6D0A-CFD8-8661-6BA9-05ED7332DCA7}.Debug|Any CPU.ActiveCfg = Debug|Any CPU
		{57AF6D0A-CFD8-8661-6BA9-05ED7332DCA7}.Debug|Any CPU.Build.0 = Debug|Any CPU
		{57AF6D0A-CFD8-8661-6BA9-05ED7332DCA7}.Release|Any CPU.ActiveCfg = Release|Any CPU
		{57AF6D0A-CFD8-8661-6BA9-05ED7332DCA7}.Release|Any CPU.Build.0 = Release|Any CPU
	EndGlobalSection
	GlobalSection(SolutionProperties) = preSolution
		HideSolutionNode = FALSE
	EndGlobalSection
	GlobalSection(ExtensibilityGlobals) = postSolution
		SolutionGuid = {F0B12393-B66D-4542-9B3C-D2454AA43357}
	EndGlobalSection
EndGlobal
